
Microsoft Visual Studio Solution File, Format Version 12.00
# Visual Studio Version 17
VisualStudioVersion = 17.13.35919.96 d17.13
MinimumVisualStudioVersion = 10.0.40219.1
Project("{FAE04EC0-301F-11D3-BF4B-00C04F79EFBC}") = "RedLangCompilerV2", "RedLangCompilerV2\RedLangCompilerV2.csproj", "{BCCAA25C-8F31-4EAF-B1CB-0234EE6CC820}"
EndProject
Global
	GlobalSection(SolutionConfigurationPlatforms) = preSolution
		Debug|Any CPU = Debug|Any CPU
		Release|Any CPU = Release|Any CPU
	EndGlobalSection
	GlobalSection(ProjectConfigurationPlatforms) = postSolution
		{BCCAA25C-8F31-4EAF-B1CB-0234EE6CC820}.Debug|Any CPU.ActiveCfg = Debug|Any CPU
		{BCCAA25C-8F31-4EAF-B1CB-0234EE6CC820}.Debug|Any CPU.Build.0 = Debug|Any CPU
		{BCCAA25C-8F31-4EAF-B1CB-0234EE6CC820}.Release|Any CPU.ActiveCfg = Release|Any CPU
		{BCCAA25C-8F31-4EAF-B1CB-0234EE6CC820}.Release|Any CPU.Build.0 = Release|Any CPU
	EndGlobalSection
	GlobalSection(SolutionProperties) = preSolution
		HideSolutionNode = FALSE
	EndGlobalSection
	GlobalSection(ExtensibilityGlobals) = postSolution
		SolutionGuid = {D3ECE305-495A-42B2-83B9-A42310F6595F}
	EndGlobalSection
EndGlobal
